
Microsoft Visual Studio Solution File, Format Version 12.00
# Visual Studio Version 16
VisualStudioVersion = 16.0.30907.101
MinimumVisualStudioVersion = 10.0.40219.1
Project("{FAE04EC0-301F-11D3-BF4B-00C04F79EFBC}") = "Classes", "Classes\Classes.csproj", "{0A615A60-DEBB-4087-86CB-071D005934A5}"
EndProject
Project("{FAE04EC0-301F-11D3-BF4B-00C04F79EFBC}") = "RecapDemo1", "RecapDemo1\RecapDemo1.csproj", "{6BB1B1A4-2978-4AC2-8BC6-72E52E5D1E1C}"
EndProject
Global
	GlobalSection(SolutionConfigurationPlatforms) = preSolution
		Debug|Any CPU = Debug|Any CPU
		Release|Any CPU = Release|Any CPU
	EndGlobalSection
	GlobalSection(ProjectConfigurationPlatforms) = postSolution
		{0A615A60-DEBB-4087-86CB-071D005934A5}.Debug|Any CPU.ActiveCfg = Debug|Any CPU
		{0A615A60-DEBB-4087-86CB-071D005934A5}.Debug|Any CPU.Build.0 = Debug|Any CPU
		{0A615A60-DEBB-4087-86CB-071D005934A5}.Release|Any CPU.ActiveCfg = Release|Any CPU
		{0A615A60-DEBB-4087-86CB-071D005934A5}.Release|Any CPU.Build.0 = Release|Any CPU
		{6BB1B1A4-2978-4AC2-8BC6-72E52E5D1E1C}.Debug|Any CPU.ActiveCfg = Debug|Any CPU
		{6BB1B1A4-2978-4AC2-8BC6-72E52E5D1E1C}.Debug|Any CPU.Build.0 = Debug|Any CPU
		{6BB1B1A4-2978-4AC2-8BC6-72E52E5D1E1C}.Release|Any CPU.ActiveCfg = Release|Any CPU
		{6BB1B1A4-2978-4AC2-8BC6-72E52E5D1E1C}.Release|Any CPU.Build.0 = Release|Any CPU
	EndGlobalSection
	GlobalSection(SolutionProperties) = preSolution
		HideSolutionNode = FALSE
	EndGlobalSection
	GlobalSection(ExtensibilityGlobals) = postSolution
		SolutionGuid = {F232249C-6869-42A6-AAD3-65D078F4B36C}
	EndGlobalSection
EndGlobal
